{
  "name": "cadastro",
  "version": "1.0.0",
  "lockfileVersion": 1,
  "requires": true,
  "dependencies": {
    "bootstrap": {
      "version": "4.3.1",
      "resolved": "https://registry.npmjs.org/bootstrap/-/bootstrap-4.3.1.tgz",
      "integrity": "sha512-rXqOmH1VilAt2DyPzluTi2blhk17bO7ef+zLLPlWvG494pDxcM234pJ8wTc/6R40UWizAIIMgxjvxZg5kmsbag=="
    },
    "datatables.net": {
      "version": "1.10.19",
      "resolved": "https://registry.npmjs.org/datatables.net/-/datatables.net-1.10.19.tgz",
      "integrity": "sha512-+ljXcI6Pj3PTGy5pesp3E5Dr3x3AV45EZe0o1r0gKENN2gafBKXodVnk2ypKwl2tTmivjxbkiqoWnipTefyBTA==",
      "requires": {
        "jquery": ">=1.7"
      }
    },
    "datatables.net-autofill": {
      "version": "2.3.3",
      "resolved": "https://registry.npmjs.org/datatables.net-autofill/-/datatables.net-autofill-2.3.3.tgz",
      "integrity": "sha512-yJXvs0JLPZOa2L44QQT8gX+RitiK6Q+Z5E1Epjx0FwOIc+Ala8gl6cutUNEDvx/ItgoDbPAKLyxdJrzM0GZtVA==",
      "requires": {
        "datatables.net": "^1.10.15",
        "jquery": ">=1.7"
      }
    },
    "datatables.net-autofill-bs4": {
      "version": "2.3.3",
      "resolved": "https://registry.npmjs.org/datatables.net-autofill-bs4/-/datatables.net-autofill-bs4-2.3.3.tgz",
      "integrity": "sha512-toCaBcykEMJrN3z0i2Umk00+KqQA4JvWrka7sOAcyoW0ubF3UJ8mQIUVnFbM1FQDuZ9TZRu+JGpLfZzwukjiHg==",
      "requires": {
        "datatables.net-autofill": "2.3.3",
        "datatables.net-bs4": "^1.10.15",
        "jquery": ">=1.7"
      }
    },
    "datatables.net-bs4": {
      "version": "1.10.19",
      "resolved": "https://registry.npmjs.org/datatables.net-bs4/-/datatables.net-bs4-1.10.19.tgz",
      "integrity": "sha512-pgeP17w4aPR7HIxIwuJghfqXULjdg1K6xMUUKDyCERJRSNNK4MRToFfELtIsluLNN555YBK4Kx8nihX5/ZT1Fw==",
      "requires": {
        "datatables.net": "1.10.19",
        "jquery": ">=1.7"
      }
    },
    "datatables.net-buttons": {
      "version": "1.5.6",
      "resolved": "https://registry.npmjs.org/datatables.net-buttons/-/datatables.net-buttons-1.5.6.tgz",
      "integrity": "sha512-FlJtjQ8dsr6xeHWETUCtUJEa7ZqKlphFb22+LXZs80LmJqpVbW84BkppwSoKK+F4k8eRr1tYr38dxcCvIIy0rw==",
      "requires": {
        "datatables.net": "^1.10.15",
        "jquery": ">=1.7"
      }
    },
    "datatables.net-buttons-bs4": {
      "version": "1.5.6",
      "resolved": "https://registry.npmjs.org/datatables.net-buttons-bs4/-/datatables.net-buttons-bs4-1.5.6.tgz",
      "integrity": "sha512-fzVedjWO/DXe6eEPKuL3FiYdmTwdTb7017QdRX5T3cnYe/1fgyJHrFmsx1/yL1KTvAudoWRZl+AbiSNI58ZxLQ==",
      "requires": {
        "datatables.net-bs4": "^1.10.15",
        "datatables.net-buttons": "1.5.6",
        "jquery": ">=1.7"
      }
    },
    "datatables.net-dt": {
      "version": "1.10.19",
      "resolved": "https://registry.npmjs.org/datatables.net-dt/-/datatables.net-dt-1.10.19.tgz",
      "integrity": "sha512-joFHYjLYvr9VnC9Fx3e+8jtXnQ/fP/mPFWt9p0NhZ3Zm5N0jlYyWhJQbnLkihOLuDcDFMaGdBQSvmIdTVdgGyw==",
      "requires": {
        "datatables.net": "1.10.19",
        "jquery": ">=1.7"
      }
    },
    "font-awesome": {
      "version": "4.7.0",
      "resolved": "https://registry.npmjs.org/font-awesome/-/font-awesome-4.7.0.tgz",
      "integrity": "sha1-j6jPBBGhoxr9B7BtKQK7n8gVoTM="
    },
    "jquery": {
      "version": "3.3.1",
      "resolved": "https://registry.npmjs.org/jquery/-/jquery-3.3.1.tgz",
      "integrity": "sha512-Ubldcmxp5np52/ENotGxlLe6aGMvmF4R8S6tZjsP6Knsaxd/xp3Zrh50cG93lR6nPXyUFwzN3ZSOQI0wRJNdGg=="
    }
  }
}
